
Microsoft Visual Studio Solution File, Format Version 12.00
# Visual Studio Version 16
VisualStudioVersion = 16.0.29728.190
MinimumVisualStudioVersion = 10.0.40219.1
Project("{FAE04EC0-301F-11D3-BF4B-00C04F79EFBC}") = "SalonDel", "SalonDel\SalonDel.csproj", "{CC205E62-CA8D-48AF-9965-38FA6EB9CFAC}"
EndProject
Global
	GlobalSection(SolutionConfigurationPlatforms) = preSolution
		Debug|Any CPU = Debug|Any CPU
		Release|Any CPU = Release|Any CPU
	EndGlobalSection
	GlobalSection(ProjectConfigurationPlatforms) = postSolution
		{CC205E62-CA8D-48AF-9965-38FA6EB9CFAC}.Debug|Any CPU.ActiveCfg = Debug|Any CPU
		{CC205E62-CA8D-48AF-9965-38FA6EB9CFAC}.Debug|Any CPU.Build.0 = Debug|Any CPU
		{CC205E62-CA8D-48AF-9965-38FA6EB9CFAC}.Release|Any CPU.ActiveCfg = Release|Any CPU
		{CC205E62-CA8D-48AF-9965-38FA6EB9CFAC}.Release|Any CPU.Build.0 = Release|Any CPU
	EndGlobalSection
	GlobalSection(SolutionProperties) = preSolution
		HideSolutionNode = FALSE
	EndGlobalSection
	GlobalSection(ExtensibilityGlobals) = postSolution
		SolutionGuid = {24BF2274-C13A-422E-B30B-86E7406D38EA}
	EndGlobalSection
EndGlobal
